
Microsoft Visual Studio Solution File, Format Version 12.00
# Visual Studio Version 16
VisualStudioVersion = 16.0.30413.136
MinimumVisualStudioVersion = 10.0.40219.1
Project("{FAE04EC0-301F-11D3-BF4B-00C04F79EFBC}") = "Repeat", "Repeat\Repeat.csproj", "{67A35D28-EC48-434B-9CBA-43C71D8AE6C8}"
EndProject
Global
	GlobalSection(SolutionConfigurationPlatforms) = preSolution
		Debug|Any CPU = Debug|Any CPU
		Release|Any CPU = Release|Any CPU
	EndGlobalSection
	GlobalSection(ProjectConfigurationPlatforms) = postSolution
		{67A35D28-EC48-434B-9CBA-43C71D8AE6C8}.Debug|Any CPU.ActiveCfg = Debug|Any CPU
		{67A35D28-EC48-434B-9CBA-43C71D8AE6C8}.Debug|Any CPU.Build.0 = Debug|Any CPU
		{67A35D28-EC48-434B-9CBA-43C71D8AE6C8}.Release|Any CPU.ActiveCfg = Release|Any CPU
		{67A35D28-EC48-434B-9CBA-43C71D8AE6C8}.Release|Any CPU.Build.0 = Release|Any CPU
	EndGlobalSection
	GlobalSection(SolutionProperties) = preSolution
		HideSolutionNode = FALSE
	EndGlobalSection
	GlobalSection(ExtensibilityGlobals) = postSolution
		SolutionGuid = {C705EC64-1150-426B-A150-2B060C1D9EA5}
	EndGlobalSection
EndGlobal
